
Microsoft Visual Studio Solution File, Format Version 12.00
# Visual Studio Version 17
VisualStudioVersion = 17.13.35828.75 d17.13
MinimumVisualStudioVersion = 10.0.40219.1
Project("{FAE04EC0-301F-11D3-BF4B-00C04F79EFBC}") = "NextStep.API", "NextStep.API\NextStep.API.csproj", "{58AF6F24-E910-41FD-9758-30C6DFDFBDD6}"
EndProject
Project("{FAE04EC0-301F-11D3-BF4B-00C04F79EFBC}") = "NextStep.Core", "NextStep.Core\NextStep.Core.csproj", "{AB715320-7500-4566-804C-600F51D881A8}"
EndProject
Project("{FAE04EC0-301F-11D3-BF4B-00C04F79EFBC}") = "NextStep.EF", "NextStep.EF\NextStep.EF.csproj", "{0E84893F-9A40-45B1-8FAC-2F4352A31D0B}"
EndProject
Global
	GlobalSection(SolutionConfigurationPlatforms) = preSolution
		Debug|Any CPU = Debug|Any CPU
		Release|Any CPU = Release|Any CPU
	EndGlobalSection
	GlobalSection(ProjectConfigurationPlatforms) = postSolution
		{58AF6F24-E910-41FD-9758-30C6DFDFBDD6}.Debug|Any CPU.ActiveCfg = Debug|Any CPU
		{58AF6F24-E910-41FD-9758-30C6DFDFBDD6}.Debug|Any CPU.Build.0 = Debug|Any CPU
		{58AF6F24-E910-41FD-9758-30C6DFDFBDD6}.Release|Any CPU.ActiveCfg = Release|Any CPU
		{58AF6F24-E910-41FD-9758-30C6DFDFBDD6}.Release|Any CPU.Build.0 = Release|Any CPU
		{AB715320-7500-4566-804C-600F51D881A8}.Debug|Any CPU.ActiveCfg = Debug|Any CPU
		{AB715320-7500-4566-804C-600F51D881A8}.Debug|Any CPU.Build.0 = Debug|Any CPU
		{AB715320-7500-4566-804C-600F51D881A8}.Release|Any CPU.ActiveCfg = Release|Any CPU
		{AB715320-7500-4566-804C-600F51D881A8}.Release|Any CPU.Build.0 = Release|Any CPU
		{0E84893F-9A40-45B1-8FAC-2F4352A31D0B}.Debug|Any CPU.ActiveCfg = Debug|Any CPU
		{0E84893F-9A40-45B1-8FAC-2F4352A31D0B}.Debug|Any CPU.Build.0 = Debug|Any CPU
		{0E84893F-9A40-45B1-8FAC-2F4352A31D0B}.Release|Any CPU.ActiveCfg = Release|Any CPU
		{0E84893F-9A40-45B1-8FAC-2F4352A31D0B}.Release|Any CPU.Build.0 = Release|Any CPU
	EndGlobalSection
	GlobalSection(SolutionProperties) = preSolution
		HideSolutionNode = FALSE
	EndGlobalSection
	GlobalSection(ExtensibilityGlobals) = postSolution
		SolutionGuid = {C4B7052D-7BE1-486A-B810-42282141C507}
	EndGlobalSection
EndGlobal
